// !$*UTF8*$!
{
	archiveVersion = 1;
	classes = {
	};
	objectVersion = 50;
	objects = {

/* Begin PBXBuildFile section */
		4607D66E2701D4B700DDD1AF /* CircleImage.swift in Sources */ = {isa = PBXBuildFile; fileRef = 4607D66D2701D4B700DDD1AF /* CircleImage.swift */; };
		4607D6712701D6CA00DDD1AF /* MapView.swift in Sources */ = {isa = PBXBuildFile; fileRef = 4607D6702701D6CA00DDD1AF /* MapView.swift */; };
		461C26312701C69A00D053DA /* Dutch_LandmarksApp.swift in Sources */ = {isa = PBXBuildFile; fileRef = 461C26302701C69A00D053DA /* Dutch_LandmarksApp.swift */; };
		461C26332701C69A00D053DA /* ContentView.swift in Sources */ = {isa = PBXBuildFile; fileRef = 461C26322701C69A00D053DA /* ContentView.swift */; };
		461C26352701C69D00D053DA /* Assets.xcassets in Resources */ = {isa = PBXBuildFile; fileRef = 461C26342701C69D00D053DA /* Assets.xcassets */; };
		461C26382701C69D00D053DA /* Preview Assets.xcassets in Resources */ = {isa = PBXBuildFile; fileRef = 461C26372701C69D00D053DA /* Preview Assets.xcassets */; };
		466E71A7270306B9009D646B /* landmarkData.json in Resources */ = {isa = PBXBuildFile; fileRef = 466E71A6270306B9009D646B /* landmarkData.json */; };
		466E71AA270306DF009D646B /* Landmark.swift in Sources */ = {isa = PBXBuildFile; fileRef = 466E71A9270306DF009D646B /* Landmark.swift */; };
/* End PBXBuildFile section */

/* Begin PBXFileReference section */
		4607D66D2701D4B700DDD1AF /* CircleImage.swift */ = {isa = PBXFileReference; lastKnownFileType = sourcecode.swift; path = CircleImage.swift; sourceTree = "<group>"; };
		4607D6702701D6CA00DDD1AF /* MapView.swift */ = {isa = PBXFileReference; lastKnownFileType = sourcecode.swift; path = MapView.swift; sourceTree = "<group>"; };
		461C262D2701C69A00D053DA /* Dutch Landmarks.app */ = {isa = PBXFileReference; explicitFileType = wrapper.application; includeInIndex = 0; path = "Dutch Landmarks.app"; sourceTree = BUILT_PRODUCTS_DIR; };
		461C26302701C69A00D053DA /* Dutch_LandmarksApp.swift */ = {isa = PBXFileReference; lastKnownFileType = sourcecode.swift; path = Dutch_LandmarksApp.swift; sourceTree = "<group>"; };
		461C26322701C69A00D053DA /* ContentView.swift */ = {isa = PBXFileReference; lastKnownFileType = sourcecode.swift; path = ContentView.swift; sourceTree = "<group>"; };
		461C26342701C69D00D053DA /* Assets.xcassets */ = {isa = PBXFileReference; lastKnownFileType = folder.assetcatalog; path = Assets.xcassets; sourceTree = "<group>"; };
		461C26372701C69D00D053DA /* Preview Assets.xcassets */ = {isa = PBXFileReference; lastKnownFileType = folder.assetcatalog; path = "Preview Assets.xcassets"; sourceTree = "<group>"; };
		461C26392701C69D00D053DA /* Info.plist */ = {isa = PBXFileReference; lastKnownFileType = text.plist.xml; path = Info.plist; sourceTree = "<group>"; };
		466E71A6270306B9009D646B /* landmarkData.json */ = {isa = PBXFileReference; fileEncoding = 4; lastKnownFileType = text.json; path = landmarkData.json; sourceTree = "<group>"; };
		466E71A9270306DF009D646B /* Landmark.swift */ = {isa = PBXFileReference; lastKnownFileType = sourcecode.swift; path = Landmark.swift; sourceTree = "<group>"; };
/* End PBXFileReference section */

/* Begin PBXFrameworksBuildPhase section */
		461C262A2701C69A00D053DA /* Frameworks */ = {
			isa = PBXFrameworksBuildPhase;
			buildActionMask = 2147483647;
			files = (
			);
			runOnlyForDeploymentPostprocessing = 0;
		};
/* End PBXFrameworksBuildPhase section */

/* Begin PBXGroup section */
		461C26242701C69A00D053DA = {
			isa = PBXGroup;
			children = (
				461C262F2701C69A00D053DA /* Dutch Landmarks */,
				461C262E2701C69A00D053DA /* Products */,
			);
			sourceTree = "<group>";
		};
		461C262E2701C69A00D053DA /* Products */ = {
			isa = PBXGroup;
			children = (
				461C262D2701C69A00D053DA /* Dutch Landmarks.app */,
			);
			name = Products;
			sourceTree = "<group>";
		};
		461C262F2701C69A00D053DA /* Dutch Landmarks */ = {
			isa = PBXGroup;
			children = (
				466E71A6270306B9009D646B /* landmarkData.json */,
				466E71A9270306DF009D646B /* Landmark.swift */,
				461C26302701C69A00D053DA /* Dutch_LandmarksApp.swift */,
				461C26322701C69A00D053DA /* ContentView.swift */,
				461C26342701C69D00D053DA /* Assets.xcassets */,
				4607D66D2701D4B700DDD1AF /* CircleImage.swift */,
				4607D6702701D6CA00DDD1AF /* MapView.swift */,
				461C26392701C69D00D053DA /* Info.plist */,
				461C26362701C69D00D053DA /* Preview Content */,
			);
			path = "Dutch Landmarks";
			sourceTree = "<group>";
		};
		461C26362701C69D00D053DA /* Preview Content */ = {
			isa = PBXGroup;
			children = (
				461C26372701C69D00D053DA /* Preview Assets.xcassets */,
			);
			path = "Preview Content";
			sourceTree = "<group>";
		};
/* End PBXGroup section */

/* Begin PBXNativeTarget section */
		461C262C2701C69A00D053DA /* Dutch Landmarks */ = {
			isa = PBXNativeTarget;
			buildConfigurationList = 461C263C2701C69D00D053DA /* Build configuration list for PBXNativeTarget "Dutch Landmarks" */;
			buildPhases = (
				461C26292701C69A00D053DA /* Sources */,
				461C262A2701C69A00D053DA /* Frameworks */,
				461C262B2701C69A00D053DA /* Resources */,
			);
			buildRules = (
			);
			dependencies = (
			);
			name = "Dutch Landmarks";
			productName = "Dutch Landmarks";
			productReference = 461C262D2701C69A00D053DA /* Dutch Landmarks.app */;
			productType = "com.apple.product-type.application";
		};
/* End PBXNativeTarget section */

/* Begin PBXProject section */
		461C26252701C69A00D053DA /* Project object */ = {
			isa = PBXProject;
			attributes = {
				LastSwiftUpdateCheck = 1240;
				LastUpgradeCheck = 1240;
				TargetAttributes = {
					461C262C2701C69A00D053DA = {
						CreatedOnToolsVersion = 12.4;
					};
				};
			};
			buildConfigurationList = 461C26282701C69A00D053DA /* Build configuration list for PBXProject "Dutch Landmarks" */;
			compatibilityVersion = "Xcode 9.3";
			developmentRegion = en;
			hasScannedForEncodings = 0;
			knownRegions = (
				en,
				Base,
			);
			mainGroup = 461C26242701C69A00D053DA;
			productRefGroup = 461C262E2701C69A00D053DA /* Products */;
			projectDirPath = "";
			projectRoot = "";
			targets = (
				461C262C2701C69A00D053DA /* Dutch Landmarks */,
			);
		};
/* End PBXProject section */

/* Begin PBXResourcesBuildPhase section */
		461C262B2701C69A00D053DA /* Resources */ = {
			isa = PBXResourcesBuildPhase;
			buildActionMask = 2147483647;
			files = (
				461C26382701C69D00D053DA /* Preview Assets.xcassets in Resources */,
				461C26352701C69D00D053DA /* Assets.xcassets in Resources */,
				466E71A7270306B9009D646B /* landmarkData.json in Resources */,
			);
			runOnlyForDeploymentPostprocessing = 0;
		};
/* End PBXResourcesBuildPhase section */

/* Begin PBXSourcesBuildPhase section */
		461C26292701C69A00D053DA /* Sources */ = {
			isa = PBXSourcesBuildPhase;
			buildActionMask = 2147483647;
			files = (
				461C26332701C69A00D053DA /* ContentView.swift in Sources */,
				4607D6712701D6CA00DDD1AF /* MapView.swift in Sources */,
				461C26312701C69A00D053DA /* Dutch_LandmarksApp.swift in Sources */,
				4607D66E2701D4B700DDD1AF /* CircleImage.swift in Sources */,
				466E71AA270306DF009D646B /* Landmark.swift in Sources */,
			);
			runOnlyForDeploymentPostprocessing = 0;
		};
/* End PBXSourcesBuildPhase section */

/* Begin XCBuildConfiguration section */
		461C263A2701C69D00D053DA /* Debug */ = {
			isa = XCBuildConfiguration;
			buildSettings = {
				ALWAYS_SEARCH_USER_PATHS = NO;
				CLANG_ANALYZER_NONNULL = YES;
				CLANG_ANALYZER_NUMBER_OBJECT_CONVERSION = YES_AGGRESSIVE;
				CLANG_CXX_LANGUAGE_STANDARD = "gnu++14";
				CLANG_CXX_LIBRARY = "libc++";
				CLANG_ENABLE_MODULES = YES;
				CLANG_ENABLE_OBJC_ARC = YES;
				CLANG_ENABLE_OBJC_WEAK = YES;
				CLANG_WARN_BLOCK_CAPTURE_AUTORELEASING = YES;
				CLANG_WARN_BOOL_CONVERSION = YES;
				CLANG_WARN_COMMA = YES;
				CLANG_WARN_CONSTANT_CONVERSION = YES;
				CLANG_WARN_DEPRECATED_OBJC_IMPLEMENTATIONS = YES;
				CLANG_WARN_DIRECT_OBJC_ISA_USAGE = YES_ERROR;
				CLANG_WARN_DOCUMENTATION_COMMENTS = YES;
				CLANG_WARN_EMPTY_BODY = YES;
				CLANG_WARN_ENUM_CONVERSION = YES;
				CLANG_WARN_INFINITE_RECURSION = YES;
				CLANG_WARN_INT_CONVERSION = YES;
				CLANG_WARN_NON_LITERAL_NULL_CONVERSION = YES;
				CLANG_WARN_OBJC_IMPLICIT_RETAIN_SELF = YES;
				CLANG_WARN_OBJC_LITERAL_CONVERSION = YES;
				CLANG_WARN_OBJC_ROOT_CLASS = YES_ERROR;
				CLANG_WARN_QUOTED_INCLUDE_IN_FRAMEWORK_HEADER = YES;
				CLANG_WARN_RANGE_LOOP_ANALYSIS = YES;
				CLANG_WARN_STRICT_PROTOTYPES = YES;
				CLANG_WARN_SUSPICIOUS_MOVE = YES;
				CLANG_WARN_UNGUARDED_AVAILABILITY = YES_AGGRESSIVE;
				CLANG_WARN_UNREACHABLE_CODE = YES;
				CLANG_WARN__DUPLICATE_METHOD_MATCH = YES;
				COPY_PHASE_STRIP = NO;
				DEBUG_INFORMATION_FORMAT = dwarf;
				ENABLE_STRICT_OBJC_MSGSEND = YES;
				ENABLE_TESTABILITY = YES;
				GCC_C_LANGUAGE_STANDARD = gnu11;
				GCC_DYNAMIC_NO_PIC = NO;
				GCC_NO_COMMON_BLOCKS = YES;
				GCC_OPTIMIZATION_LEVEL = 0;
				GCC_PREPROCESSOR_DEFINITIONS = (
					"DEBUG=1",
					"$(inherited)",
				);
				GCC_WARN_64_TO_32_BIT_CONVERSION = YES;
				GCC_WARN_ABOUT_RETURN_TYPE = YES_ERROR;
				GCC_WARN_UNDECLARED_SELECTOR = YES;
				GCC_WARN_UNINITIALIZED_AUTOS = YES_AGGRESSIVE;
				GCC_WARN_UNUSED_FUNCTION = YES;
				GCC_WARN_UNUSED_VARIABLE = YES;
				IPHONEOS_DEPLOYMENT_TARGET = 14.4;
				MTL_ENABLE_DEBUG_INFO = INCLUDE_SOURCE;
				MTL_FAST_MATH = YES;
				ONLY_ACTIVE_ARCH = YES;
				SDKROOT = iphoneos;
				SWIFT_ACTIVE_COMPILATION_CONDITIONS = DEBUG;
				SWIFT_OPTIMIZATION_LEVEL = "-Onone";
			};
			name = Debug;
		};
		461C263B2701C69D00D053DA /* Release */ = {
			isa = XCBuildConfiguration;
			buildSettings = {
				ALWAYS_SEARCH_USER_PATHS = NO;
				CLANG_ANALYZER_NONNULL = YES;
				CLANG_ANALYZER_NUMBER_OBJECT_CONVERSION = YES_AGGRESSIVE;
				CLANG_CXX_LANGUAGE_STANDARD = "gnu++14";
				CLANG_CXX_LIBRARY = "libc++";
				CLANG_ENABLE_MODULES = YES;
				CLANG_ENABLE_OBJC_ARC = YES;
				CLANG_ENABLE_OBJC_WEAK = YES;
				CLANG_WARN_BLOCK_CAPTURE_AUTORELEASING = YES;
				CLANG_WARN_BOOL_CONVERSION = YES;
				CLANG_WARN_COMMA = YES;
				CLANG_WARN_CONSTANT_CONVERSION = YES;
				CLANG_WARN_DEPRECATED_OBJC_IMPLEMENTATIONS = YES;
				CLANG_WARN_DIRECT_OBJC_ISA_USAGE = YES_ERROR;
				CLANG_WARN_DOCUMENTATION_COMMENTS = YES;
				CLANG_WARN_EMPTY_BODY = YES;
				CLANG_WARN_ENUM_CONVERSION = YES;
				CLANG_WARN_INFINITE_RECURSION = YES;
				CLANG_WARN_INT_CONVERSION = YES;
				CLANG_WARN_NON_LITERAL_NULL_CONVERSION = YES;
				CLANG_WARN_OBJC_IMPLICIT_RETAIN_SELF = YES;
				CLANG_WARN_OBJC_LITERAL_CONVERSION = YES;
				CLANG_WARN_OBJC_ROOT_CLASS = YES_ERROR;
				CLANG_WARN_QUOTED_INCLUDE_IN_FRAMEWORK_HEADER = YES;
				CLANG_WARN_RANGE_LOOP_ANALYSIS = YES;
				CLANG_WARN_STRICT_PROTOTYPES = YES;
				CLANG_WARN_SUSPICIOUS_MOVE = YES;
				CLANG_WARN_UNGUARDED_AVAILABILITY = YES_AGGRESSIVE;
				CLANG_WARN_UNREACHABLE_CODE = YES;
				CLANG_WARN__DUPLICATE_METHOD_MATCH = YES;
				COPY_PHASE_STRIP = NO;
				DEBUG_INFORMATION_FORMAT = "dwarf-with-dsym";
				ENABLE_NS_ASSERTIONS = NO;
				ENABLE_STRICT_OBJC_MSGSEND = YES;
				GCC_C_LANGUAGE_STANDARD = gnu11;
				GCC_NO_COMMON_BLOCKS = YES;
				GCC_WARN_64_TO_32_BIT_CONVERSION = YES;
				GCC_WARN_ABOUT_RETURN_TYPE = YES_ERROR;
				GCC_WARN_UNDECLARED_SELECTOR = YES;
				GCC_WARN_UNINITIALIZED_AUTOS = YES_AGGRESSIVE;
				GCC_WARN_UNUSED_FUNCTION = YES;
				GCC_WARN_UNUSED_VARIABLE = YES;
				IPHONEOS_DEPLOYMENT_TARGET = 14.4;
				MTL_ENABLE_DEBUG_INFO = NO;
				MTL_FAST_MATH = YES;
				SDKROOT = iphoneos;
				SWIFT_COMPILATION_MODE = wholemodule;
				SWIFT_OPTIMIZATION_LEVEL = "-O";
				VALIDATE_PRODUCT = YES;
			};
			name = Release;
		};
		461C263D2701C69D00D053DA /* Debug */ = {
			isa = XCBuildConfiguration;
			buildSettings = {
				ASSETCATALOG_COMPILER_APPICON_NAME = AppIcon;
				ASSETCATALOG_COMPILER_GLOBAL_ACCENT_COLOR_NAME = AccentColor;
				CODE_SIGN_STYLE = Automatic;
				DEVELOPMENT_ASSET_PATHS = "\"Dutch Landmarks/Preview Content\"";
				DEVELOPMENT_TEAM = 7BS7VD55S5;
				ENABLE_PREVIEWS = YES;
				INFOPLIST_FILE = "Dutch Landmarks/Info.plist";
				IPHONEOS_DEPLOYMENT_TARGET = 14.0;
				LD_RUNPATH_SEARCH_PATHS = (
					"$(inherited)",
					"@executable_path/Frameworks",
				);
				PRODUCT_BUNDLE_IDENTIFIER = "stavros.tsikinas.Dutch-Landmarks";
				PRODUCT_NAME = "$(TARGET_NAME)";
				SWIFT_VERSION = 5.0;
				TARGETED_DEVICE_FAMILY = "1,2";
			};
			name = Debug;
		};
		461C263E2701C69D00D053DA /* Release */ = {
			isa = XCBuildConfiguration;
			buildSettings = {
				ASSETCATALOG_COMPILER_APPICON_NAME = AppIcon;
				ASSETCATALOG_COMPILER_GLOBAL_ACCENT_COLOR_NAME = AccentColor;
				CODE_SIGN_STYLE = Automatic;
				DEVELOPMENT_ASSET_PATHS = "\"Dutch Landmarks/Preview Content\"";
				DEVELOPMENT_TEAM = 7BS7VD55S5;
				ENABLE_PREVIEWS = YES;
				INFOPLIST_FILE = "Dutch Landmarks/Info.plist";
				IPHONEOS_DEPLOYMENT_TARGET = 14.0;
				LD_RUNPATH_SEARCH_PATHS = (
					"$(inherited)",
					"@executable_path/Frameworks",
				);
				PRODUCT_BUNDLE_IDENTIFIER = "stavros.tsikinas.Dutch-Landmarks";
				PRODUCT_NAME = "$(TARGET_NAME)";
				SWIFT_VERSION = 5.0;
				TARGETED_DEVICE_FAMILY = "1,2";
			};
			name = Release;
		};
/* End XCBuildConfiguration section */

/* Begin XCConfigurationList section */
		461C26282701C69A00D053DA /* Build configuration list for PBXProject "Dutch Landmarks" */ = {
			isa = XCConfigurationList;
			buildConfigurations = (
				461C263A2701C69D00D053DA /* Debug */,
				461C263B2701C69D00D053DA /* Release */,
			);
			defaultConfigurationIsVisible = 0;
			defaultConfigurationName = Release;
		};
		461C263C2701C69D00D053DA /* Build configuration list for PBXNativeTarget "Dutch Landmarks" */ = {
			isa = XCConfigurationList;
			buildConfigurations = (
				461C263D2701C69D00D053DA /* Debug */,
				461C263E2701C69D00D053DA /* Release */,
			);
			defaultConfigurationIsVisible = 0;
			defaultConfigurationName = Release;
		};
/* End XCConfigurationList section */
	};
	rootObject = 461C26252701C69A00D053DA /* Project object */;
}
